<?xml version="1.0" encoding="utf-8"?>
<Project ToolsVersion="4.0" xmlns="http://schemas.microsoft.com/developer/msbuild/2003">
  <ItemGroup>
    <Filter Include="Source Files">
      <UniqueIdentifier>{4FC737F1-C7A5-4376-A066-2A32D752A2FF}</UniqueIdentifier>
      <Extensions>cpp;c;cc;cxx;def;odl;idl;hpj;bat;asm;asmx</Extensions>
    </Filter>
    <Filter Include="Header Files">
      <UniqueIdentifier>{93995380-89BD-4b04-88EB-625FBE52EBFB}</UniqueIdentifier>
      <Extensions>h;hh;hpp;hxx;hm;inl;inc;xsd</Extensions>
    </Filter>
    <Filter Include="Resource Files">
      <UniqueIdentifier>{D9D6E242-F8AF-46E4-B9FD-80ECBC20BA3E}</UniqueIdentifier>
      <Extensions>qrc;*</Extensions>
      <ParseFiles>false</ParseFiles>
    </Filter>
    <Filter Include="Form Files">
      <UniqueIdentifier>{99349809-55BA-4b9d-BF79-8FDBB0286EB3}</UniqueIdentifier>
      <Extensions>ui</Extensions>
    </Filter>
    <Filter Include="Resource Files">
      <UniqueIdentifier>{D9D6E242-F8AF-46E4-B9FD-80ECBC20BA3E}</UniqueIdentifier>
      <Extensions>qrc;*</Extensions>
      <ParseFiles>false</ParseFiles>
    </Filter>
    <Filter Include="Generated Files">
      <UniqueIdentifier>{71ED8ED8-ACB9-4CE9-BBE1-E00B30144E11}</UniqueIdentifier>
      <Extensions>moc;h;cpp</Extensions>
      <SourceControlFiles>False</SourceControlFiles>
    </Filter>
    <Filter Include="Model">
      <UniqueIdentifier>{7f37f494-e545-4b09-90a4-aef4486f76f8}</UniqueIdentifier>
    </Filter>
    <Filter Include="Model\Header Files">
      <UniqueIdentifier>{34db111b-3291-433e-974c-16e8183b3f69}</UniqueIdentifier>
    </Filter>
    <Filter Include="Model\Source Files">
      <UniqueIdentifier>{15db7b2b-ed8b-4963-879f-b61c4b542e99}</UniqueIdentifier>
    </Filter>
  </ItemGroup>
  <ItemGroup>
    <ClCompile Include="main.cpp">
      <Filter>Source Files</Filter>
    </ClCompile>
    <ClCompile Include="stdafx.cpp">
      <Filter>Source Files</Filter>
    </ClCompile>
    <ClCompile Include="Controller.cpp">
      <Filter>Source Files</Filter>
    </ClCompile>
    <ClCompile Include="View.cpp">
      <Filter>Source Files</Filter>
    </ClCompile>
    <ClCompile Include="Observer.cpp">
      <Filter>Source Files</Filter>
    </ClCompile>
    <ClCompile Include="TextNode.cpp">
      <Filter>Model\Source Files</Filter>
    </ClCompile>
    <ClCompile Include="Project.cpp">
      <Filter>Model\Source Files</Filter>
    </ClCompile>
    <ClCompile Include="NodeFactory.cpp">
      <Filter>Model\Source Files</Filter>
    </ClCompile>
    <ClCompile Include="FolderNode.cpp">
      <Filter>Model\Source Files</Filter>
    </ClCompile>
    <ClCompile Include="Node.cpp">
      <Filter>Model\Source Files</Filter>
    </ClCompile>
    <ClCompile Include="EditContainer.cpp">
      <Filter>Source Files</Filter>
    </ClCompile>
    <ClCompile Include="GeneratedFiles\Debug\moc_ProjPad.cpp">
      <Filter>Generated Files</Filter>
    </ClCompile>
    <ClCompile Include="ProjPad.cpp">
      <Filter>Source Files</Filter>
    </ClCompile>
    <ClCompile Include="GeneratedFiles\qrc_ProjPad.cpp">
      <Filter>Generated Files</Filter>
    </ClCompile>
    <ClCompile Include="GeneratedFiles\Debug\moc_Controller.cpp">
      <Filter>Generated Files</Filter>
    </ClCompile>
    <ClCompile Include="GeneratedFiles\Release\moc_Controller.cpp">
      <Filter>Generated Files</Filter>
    </ClCompile>
    <ClCompile Include="GeneratedFiles\Debug\moc_EditContainer.cpp">
      <Filter>Generated Files</Filter>
    </ClCompile>
    <ClCompile Include="GeneratedFiles\Release\moc_EditContainer.cpp">
      <Filter>Generated Files</Filter>
    </ClCompile>
  </ItemGroup>
  <ItemGroup>
    <ClInclude Include="stdafx.h">
      <Filter>Header Files</Filter>
    </ClInclude>
    <ClInclude Include="View.h">
      <Filter>Header Files</Filter>
    </ClInclude>
    <ClInclude Include="Observer.h">
      <Filter>Header Files</Filter>
    </ClInclude>
    <ClInclude Include="FolderNode.h">
      <Filter>Model\Header Files</Filter>
    </ClInclude>
    <ClInclude Include="NodeFactory.h">
      <Filter>Model\Header Files</Filter>
    </ClInclude>
    <ClInclude Include="Project.h">
      <Filter>Model\Header Files</Filter>
    </ClInclude>
    <ClInclude Include="TextNode.h">
      <Filter>Model\Header Files</Filter>
    </ClInclude>
    <ClInclude Include="Node.h">
      <Filter>Model\Header Files</Filter>
    </ClInclude>
    <ClInclude Include="NamedType.h">
      <Filter>Header Files</Filter>
    </ClInclude>
  </ItemGroup>
  <ItemGroup>
    <CustomBuild Include="Controller.h">
      <Filter>Header Files</Filter>
    </CustomBuild>
    <CustomBuild Include="EditContainer.h">
      <Filter>Header Files</Filter>
    </CustomBuild>
    <CustomBuild Include="ProjPad.ui">
      <Filter>Form Files</Filter>
    </CustomBuild>
    <CustomBuild Include="ProjPad.h">
      <Filter>Header Files</Filter>
    </CustomBuild>
    <CustomBuild Include="ProjPad.qrc">
      <Filter>Resource Files</Filter>
    </CustomBuild>
  </ItemGroup>
  <ItemGroup>
    <ResourceCompile Include="ProjPad.rc" />
  </ItemGroup>
  <ItemGroup>
    <Image Include="Resources\folder.png">
      <Filter>Resource Files</Filter>
    </Image>
    <Image Include="Resources\text.png">
      <Filter>Resource Files</Filter>
    </Image>
  </ItemGroup>
</Project>